// !$*UTF8*$!
{
	archiveVersion = 1;
	classes = {
	};
	objectVersion = 55;
	objects = {

/* Begin PBXBuildFile section */
		B610E6FD270A0AFB0067E1C4 /* Moonshot_UpdatedApp.swift in Sources */ = {isa = PBXBuildFile; fileRef = B610E6FC270A0AFB0067E1C4 /* Moonshot_UpdatedApp.swift */; };
		B610E6FF270A0AFC0067E1C4 /* ContentView.swift in Sources */ = {isa = PBXBuildFile; fileRef = B610E6FE270A0AFC0067E1C4 /* ContentView.swift */; };
		B610E701270A0B010067E1C4 /* Assets.xcassets in Resources */ = {isa = PBXBuildFile; fileRef = B610E700270A0B010067E1C4 /* Assets.xcassets */; };
		B610E704270A0B010067E1C4 /* Preview Assets.xcassets in Resources */ = {isa = PBXBuildFile; fileRef = B610E703270A0B010067E1C4 /* Preview Assets.xcassets */; };
		B610E70E270A0B010067E1C4 /* Moonshot_UpdatedTests.swift in Sources */ = {isa = PBXBuildFile; fileRef = B610E70D270A0B010067E1C4 /* Moonshot_UpdatedTests.swift */; };
		B610E718270A0B020067E1C4 /* Moonshot_UpdatedUITests.swift in Sources */ = {isa = PBXBuildFile; fileRef = B610E717270A0B020067E1C4 /* Moonshot_UpdatedUITests.swift */; };
		B610E71A270A0B020067E1C4 /* Moonshot_UpdatedUITestsLaunchTests.swift in Sources */ = {isa = PBXBuildFile; fileRef = B610E719270A0B020067E1C4 /* Moonshot_UpdatedUITestsLaunchTests.swift */; };
/* End PBXBuildFile section */

/* Begin PBXContainerItemProxy section */
		B610E70A270A0B010067E1C4 /* PBXContainerItemProxy */ = {
			isa = PBXContainerItemProxy;
			containerPortal = B610E6F1270A0AFB0067E1C4 /* Project object */;
			proxyType = 1;
			remoteGlobalIDString = B610E6F8270A0AFB0067E1C4;
			remoteInfo = "Moonshot Updated";
		};
		B610E714270A0B010067E1C4 /* PBXContainerItemProxy */ = {
			isa = PBXContainerItemProxy;
			containerPortal = B610E6F1270A0AFB0067E1C4 /* Project object */;
			proxyType = 1;
			remoteGlobalIDString = B610E6F8270A0AFB0067E1C4;
			remoteInfo = "Moonshot Updated";
		};
/* End PBXContainerItemProxy section */

/* Begin PBXFileReference section */
		B610E6F9270A0AFB0067E1C4 /* Moonshot Updated.app */ = {isa = PBXFileReference; explicitFileType = wrapper.application; includeInIndex = 0; path = "Moonshot Updated.app"; sourceTree = BUILT_PRODUCTS_DIR; };
		B610E6FC270A0AFB0067E1C4 /* Moonshot_UpdatedApp.swift */ = {isa = PBXFileReference; lastKnownFileType = sourcecode.swift; path = Moonshot_UpdatedApp.swift; sourceTree = "<group>"; };
		B610E6FE270A0AFC0067E1C4 /* ContentView.swift */ = {isa = PBXFileReference; lastKnownFileType = sourcecode.swift; path = ContentView.swift; sourceTree = "<group>"; };
		B610E700270A0B010067E1C4 /* Assets.xcassets */ = {isa = PBXFileReference; lastKnownFileType = folder.assetcatalog; path = Assets.xcassets; sourceTree = "<group>"; };
		B610E703270A0B010067E1C4 /* Preview Assets.xcassets */ = {isa = PBXFileReference; lastKnownFileType = folder.assetcatalog; path = "Preview Assets.xcassets"; sourceTree = "<group>"; };
		B610E709270A0B010067E1C4 /* Moonshot UpdatedTests.xctest */ = {isa = PBXFileReference; explicitFileType = wrapper.cfbundle; includeInIndex = 0; path = "Moonshot UpdatedTests.xctest"; sourceTree = BUILT_PRODUCTS_DIR; };
		B610E70D270A0B010067E1C4 /* Moonshot_UpdatedTests.swift */ = {isa = PBXFileReference; lastKnownFileType = sourcecode.swift; path = Moonshot_UpdatedTests.swift; sourceTree = "<group>"; };
		B610E713270A0B010067E1C4 /* Moonshot UpdatedUITests.xctest */ = {isa = PBXFileReference; explicitFileType = wrapper.cfbundle; includeInIndex = 0; path = "Moonshot UpdatedUITests.xctest"; sourceTree = BUILT_PRODUCTS_DIR; };
		B610E717270A0B020067E1C4 /* Moonshot_UpdatedUITests.swift */ = {isa = PBXFileReference; lastKnownFileType = sourcecode.swift; path = Moonshot_UpdatedUITests.swift; sourceTree = "<group>"; };
		B610E719270A0B020067E1C4 /* Moonshot_UpdatedUITestsLaunchTests.swift */ = {isa = PBXFileReference; lastKnownFileType = sourcecode.swift; path = Moonshot_UpdatedUITestsLaunchTests.swift; sourceTree = "<group>"; };
/* End PBXFileReference section */

/* Begin PBXFrameworksBuildPhase section */
		B610E6F6270A0AFB0067E1C4 /* Frameworks */ = {
			isa = PBXFrameworksBuildPhase;
			buildActionMask = 2147483647;
			files = (
			);
			runOnlyForDeploymentPostprocessing = 0;
		};
		B610E706270A0B010067E1C4 /* Frameworks */ = {
			isa = PBXFrameworksBuildPhase;
			buildActionMask = 2147483647;
			files = (
			);
			runOnlyForDeploymentPostprocessing = 0;
		};
		B610E710270A0B010067E1C4 /* Frameworks */ = {
			isa = PBXFrameworksBuildPhase;
			buildActionMask = 2147483647;
			files = (
			);
			runOnlyForDeploymentPostprocessing = 0;
		};
/* End PBXFrameworksBuildPhase section */

/* Begin PBXGroup section */
		B610E6F0270A0AFB0067E1C4 = {
			isa = PBXGroup;
			children = (
				B610E6FB270A0AFB0067E1C4 /* Moonshot Updated */,
				B610E70C270A0B010067E1C4 /* Moonshot UpdatedTests */,
				B610E716270A0B020067E1C4 /* Moonshot UpdatedUITests */,
				B610E6FA270A0AFB0067E1C4 /* Products */,
			);
			sourceTree = "<group>";
		};
		B610E6FA270A0AFB0067E1C4 /* Products */ = {
			isa = PBXGroup;
			children = (
				B610E6F9270A0AFB0067E1C4 /* Moonshot Updated.app */,
				B610E709270A0B010067E1C4 /* Moonshot UpdatedTests.xctest */,
				B610E713270A0B010067E1C4 /* Moonshot UpdatedUITests.xctest */,
			);
			name = Products;
			sourceTree = "<group>";
		};
		B610E6FB270A0AFB0067E1C4 /* Moonshot Updated */ = {
			isa = PBXGroup;
			children = (
				B610E6FC270A0AFB0067E1C4 /* Moonshot_UpdatedApp.swift */,
				B610E6FE270A0AFC0067E1C4 /* ContentView.swift */,
				B610E700270A0B010067E1C4 /* Assets.xcassets */,
				B610E702270A0B010067E1C4 /* Preview Content */,
			);
			path = "Moonshot Updated";
			sourceTree = "<group>";
		};
		B610E702270A0B010067E1C4 /* Preview Content */ = {
			isa = PBXGroup;
			children = (
				B610E703270A0B010067E1C4 /* Preview Assets.xcassets */,
			);
			path = "Preview Content";
			sourceTree = "<group>";
		};
		B610E70C270A0B010067E1C4 /* Moonshot UpdatedTests */ = {
			isa = PBXGroup;
			children = (
				B610E70D270A0B010067E1C4 /* Moonshot_UpdatedTests.swift */,
			);
			path = "Moonshot UpdatedTests";
			sourceTree = "<group>";
		};
		B610E716270A0B020067E1C4 /* Moonshot UpdatedUITests */ = {
			isa = PBXGroup;
			children = (
				B610E717270A0B020067E1C4 /* Moonshot_UpdatedUITests.swift */,
				B610E719270A0B020067E1C4 /* Moonshot_UpdatedUITestsLaunchTests.swift */,
			);
			path = "Moonshot UpdatedUITests";
			sourceTree = "<group>";
		};
/* End PBXGroup section */

/* Begin PBXNativeTarget section */
		B610E6F8270A0AFB0067E1C4 /* Moonshot Updated */ = {
			isa = PBXNativeTarget;
			buildConfigurationList = B610E71D270A0B020067E1C4 /* Build configuration list for PBXNativeTarget "Moonshot Updated" */;
			buildPhases = (
				B610E6F5270A0AFB0067E1C4 /* Sources */,
				B610E6F6270A0AFB0067E1C4 /* Frameworks */,
				B610E6F7270A0AFB0067E1C4 /* Resources */,
			);
			buildRules = (
			);
			dependencies = (
			);
			name = "Moonshot Updated";
			productName = "Moonshot Updated";
			productReference = B610E6F9270A0AFB0067E1C4 /* Moonshot Updated.app */;
			productType = "com.apple.product-type.application";
		};
		B610E708270A0B010067E1C4 /* Moonshot UpdatedTests */ = {
			isa = PBXNativeTarget;
			buildConfigurationList = B610E720270A0B020067E1C4 /* Build configuration list for PBXNativeTarget "Moonshot UpdatedTests" */;
			buildPhases = (
				B610E705270A0B010067E1C4 /* Sources */,
				B610E706270A0B010067E1C4 /* Frameworks */,
				B610E707270A0B010067E1C4 /* Resources */,
			);
			buildRules = (
			);
			dependencies = (
				B610E70B270A0B010067E1C4 /* PBXTargetDependency */,
			);
			name = "Moonshot UpdatedTests";
			productName = "Moonshot UpdatedTests";
			productReference = B610E709270A0B010067E1C4 /* Moonshot UpdatedTests.xctest */;
			productType = "com.apple.product-type.bundle.unit-test";
		};
		B610E712270A0B010067E1C4 /* Moonshot UpdatedUITests */ = {
			isa = PBXNativeTarget;
			buildConfigurationList = B610E723270A0B020067E1C4 /* Build configuration list for PBXNativeTarget "Moonshot UpdatedUITests" */;
			buildPhases = (
				B610E70F270A0B010067E1C4 /* Sources */,
				B610E710270A0B010067E1C4 /* Frameworks */,
				B610E711270A0B010067E1C4 /* Resources */,
			);
			buildRules = (
			);
			dependencies = (
				B610E715270A0B010067E1C4 /* PBXTargetDependency */,
			);
			name = "Moonshot UpdatedUITests";
			productName = "Moonshot UpdatedUITests";
			productReference = B610E713270A0B010067E1C4 /* Moonshot UpdatedUITests.xctest */;
			productType = "com.apple.product-type.bundle.ui-testing";
		};
/* End PBXNativeTarget section */

/* Begin PBXProject section */
		B610E6F1270A0AFB0067E1C4 /* Project object */ = {
			isa = PBXProject;
			attributes = {
				BuildIndependentTargetsInParallel = 1;
				LastSwiftUpdateCheck = 1300;
				LastUpgradeCheck = 1300;
				TargetAttributes = {
					B610E6F8270A0AFB0067E1C4 = {
						CreatedOnToolsVersion = 13.0;
					};
					B610E708270A0B010067E1C4 = {
						CreatedOnToolsVersion = 13.0;
						TestTargetID = B610E6F8270A0AFB0067E1C4;
					};
					B610E712270A0B010067E1C4 = {
						CreatedOnToolsVersion = 13.0;
						TestTargetID = B610E6F8270A0AFB0067E1C4;
					};
				};
			};
			buildConfigurationList = B610E6F4270A0AFB0067E1C4 /* Build configuration list for PBXProject "Moonshot Updated" */;
			compatibilityVersion = "Xcode 13.0";
			developmentRegion = en;
			hasScannedForEncodings = 0;
			knownRegions = (
				en,
				Base,
			);
			mainGroup = B610E6F0270A0AFB0067E1C4;
			productRefGroup = B610E6FA270A0AFB0067E1C4 /* Products */;
			projectDirPath = "";
			projectRoot = "";
			targets = (
				B610E6F8270A0AFB0067E1C4 /* Moonshot Updated */,
				B610E708270A0B010067E1C4 /* Moonshot UpdatedTests */,
				B610E712270A0B010067E1C4 /* Moonshot UpdatedUITests */,
			);
		};
/* End PBXProject section */

/* Begin PBXResourcesBuildPhase section */
		B610E6F7270A0AFB0067E1C4 /* Resources */ = {
			isa = PBXResourcesBuildPhase;
			buildActionMask = 2147483647;
			files = (
				B610E704270A0B010067E1C4 /* Preview Assets.xcassets in Resources */,
				B610E701270A0B010067E1C4 /* Assets.xcassets in Resources */,
			);
			runOnlyForDeploymentPostprocessing = 0;
		};
		B610E707270A0B010067E1C4 /* Resources */ = {
			isa = PBXResourcesBuildPhase;
			buildActionMask = 2147483647;
			files = (
			);
			runOnlyForDeploymentPostprocessing = 0;
		};
		B610E711270A0B010067E1C4 /* Resources */ = {
			isa = PBXResourcesBuildPhase;
			buildActionMask = 2147483647;
			files = (
			);
			runOnlyForDeploymentPostprocessing = 0;
		};
/* End PBXResourcesBuildPhase section */

/* Begin PBXSourcesBuildPhase section */
		B610E6F5270A0AFB0067E1C4 /* Sources */ = {
			isa = PBXSourcesBuildPhase;
			buildActionMask = 2147483647;
			files = (
				B610E6FF270A0AFC0067E1C4 /* ContentView.swift in Sources */,
				B610E6FD270A0AFB0067E1C4 /* Moonshot_UpdatedApp.swift in Sources */,
			);
			runOnlyForDeploymentPostprocessing = 0;
		};
		B610E705270A0B010067E1C4 /* Sources */ = {
			isa = PBXSourcesBuildPhase;
			buildActionMask = 2147483647;
			files = (
				B610E70E270A0B010067E1C4 /* Moonshot_UpdatedTests.swift in Sources */,
			);
			runOnlyForDeploymentPostprocessing = 0;
		};
		B610E70F270A0B010067E1C4 /* Sources */ = {
			isa = PBXSourcesBuildPhase;
			buildActionMask = 2147483647;
			files = (
				B610E718270A0B020067E1C4 /* Moonshot_UpdatedUITests.swift in Sources */,
				B610E71A270A0B020067E1C4 /* Moonshot_UpdatedUITestsLaunchTests.swift in Sources */,
			);
			runOnlyForDeploymentPostprocessing = 0;
		};
/* End PBXSourcesBuildPhase section */

/* Begin PBXTargetDependency section */
		B610E70B270A0B010067E1C4 /* PBXTargetDependency */ = {
			isa = PBXTargetDependency;
			target = B610E6F8270A0AFB0067E1C4 /* Moonshot Updated */;
			targetProxy = B610E70A270A0B010067E1C4 /* PBXContainerItemProxy */;
		};
		B610E715270A0B010067E1C4 /* PBXTargetDependency */ = {
			isa = PBXTargetDependency;
			target = B610E6F8270A0AFB0067E1C4 /* Moonshot Updated */;
			targetProxy = B610E714270A0B010067E1C4 /* PBXContainerItemProxy */;
		};
/* End PBXTargetDependency section */

/* Begin XCBuildConfiguration section */
		B610E71B270A0B020067E1C4 /* Debug */ = {
			isa = XCBuildConfiguration;
			buildSettings = {
				ALWAYS_SEARCH_USER_PATHS = NO;
				CLANG_ANALYZER_NONNULL = YES;
				CLANG_ANALYZER_NUMBER_OBJECT_CONVERSION = YES_AGGRESSIVE;
				CLANG_CXX_LANGUAGE_STANDARD = "gnu++17";
				CLANG_CXX_LIBRARY = "libc++";
				CLANG_ENABLE_MODULES = YES;
				CLANG_ENABLE_OBJC_ARC = YES;
				CLANG_ENABLE_OBJC_WEAK = YES;
				CLANG_WARN_BLOCK_CAPTURE_AUTORELEASING = YES;
				CLANG_WARN_BOOL_CONVERSION = YES;
				CLANG_WARN_COMMA = YES;
				CLANG_WARN_CONSTANT_CONVERSION = YES;
				CLANG_WARN_DEPRECATED_OBJC_IMPLEMENTATIONS = YES;
				CLANG_WARN_DIRECT_OBJC_ISA_USAGE = YES_ERROR;
				CLANG_WARN_DOCUMENTATION_COMMENTS = YES;
				CLANG_WARN_EMPTY_BODY = YES;
				CLANG_WARN_ENUM_CONVERSION = YES;
				CLANG_WARN_INFINITE_RECURSION = YES;
				CLANG_WARN_INT_CONVERSION = YES;
				CLANG_WARN_NON_LITERAL_NULL_CONVERSION = YES;
				CLANG_WARN_OBJC_IMPLICIT_RETAIN_SELF = YES;
				CLANG_WARN_OBJC_LITERAL_CONVERSION = YES;
				CLANG_WARN_OBJC_ROOT_CLASS = YES_ERROR;
				CLANG_WARN_QUOTED_INCLUDE_IN_FRAMEWORK_HEADER = YES;
				CLANG_WARN_RANGE_LOOP_ANALYSIS = YES;
				CLANG_WARN_STRICT_PROTOTYPES = YES;
				CLANG_WARN_SUSPICIOUS_MOVE = YES;
				CLANG_WARN_UNGUARDED_AVAILABILITY = YES_AGGRESSIVE;
				CLANG_WARN_UNREACHABLE_CODE = YES;
				CLANG_WARN__DUPLICATE_METHOD_MATCH = YES;
				COPY_PHASE_STRIP = NO;
				DEBUG_INFORMATION_FORMAT = dwarf;
				ENABLE_STRICT_OBJC_MSGSEND = YES;
				ENABLE_TESTABILITY = YES;
				GCC_C_LANGUAGE_STANDARD = gnu11;
				GCC_DYNAMIC_NO_PIC = NO;
				GCC_NO_COMMON_BLOCKS = YES;
				GCC_OPTIMIZATION_LEVEL = 0;
				GCC_PREPROCESSOR_DEFINITIONS = (
					"DEBUG=1",
					"$(inherited)",
				);
				GCC_WARN_64_TO_32_BIT_CONVERSION = YES;
				GCC_WARN_ABOUT_RETURN_TYPE = YES_ERROR;
				GCC_WARN_UNDECLARED_SELECTOR = YES;
				GCC_WARN_UNINITIALIZED_AUTOS = YES_AGGRESSIVE;
				GCC_WARN_UNUSED_FUNCTION = YES;
				GCC_WARN_UNUSED_VARIABLE = YES;
				IPHONEOS_DEPLOYMENT_TARGET = 15.0;
				MTL_ENABLE_DEBUG_INFO = INCLUDE_SOURCE;
				MTL_FAST_MATH = YES;
				ONLY_ACTIVE_ARCH = YES;
				SDKROOT = iphoneos;
				SWIFT_ACTIVE_COMPILATION_CONDITIONS = DEBUG;
				SWIFT_OPTIMIZATION_LEVEL = "-Onone";
			};
			name = Debug;
		};
		B610E71C270A0B020067E1C4 /* Release */ = {
			isa = XCBuildConfiguration;
			buildSettings = {
				ALWAYS_SEARCH_USER_PATHS = NO;
				CLANG_ANALYZER_NONNULL = YES;
				CLANG_ANALYZER_NUMBER_OBJECT_CONVERSION = YES_AGGRESSIVE;
				CLANG_CXX_LANGUAGE_STANDARD = "gnu++17";
				CLANG_CXX_LIBRARY = "libc++";
				CLANG_ENABLE_MODULES = YES;
				CLANG_ENABLE_OBJC_ARC = YES;
				CLANG_ENABLE_OBJC_WEAK = YES;
				CLANG_WARN_BLOCK_CAPTURE_AUTORELEASING = YES;
				CLANG_WARN_BOOL_CONVERSION = YES;
				CLANG_WARN_COMMA = YES;
				CLANG_WARN_CONSTANT_CONVERSION = YES;
				CLANG_WARN_DEPRECATED_OBJC_IMPLEMENTATIONS = YES;
				CLANG_WARN_DIRECT_OBJC_ISA_USAGE = YES_ERROR;
				CLANG_WARN_DOCUMENTATION_COMMENTS = YES;
				CLANG_WARN_EMPTY_BODY = YES;
				CLANG_WARN_ENUM_CONVERSION = YES;
				CLANG_WARN_INFINITE_RECURSION = YES;
				CLANG_WARN_INT_CONVERSION = YES;
				CLANG_WARN_NON_LITERAL_NULL_CONVERSION = YES;
				CLANG_WARN_OBJC_IMPLICIT_RETAIN_SELF = YES;
				CLANG_WARN_OBJC_LITERAL_CONVERSION = YES;
				CLANG_WARN_OBJC_ROOT_CLASS = YES_ERROR;
				CLANG_WARN_QUOTED_INCLUDE_IN_FRAMEWORK_HEADER = YES;
				CLANG_WARN_RANGE_LOOP_ANALYSIS = YES;
				CLANG_WARN_STRICT_PROTOTYPES = YES;
				CLANG_WARN_SUSPICIOUS_MOVE = YES;
				CLANG_WARN_UNGUARDED_AVAILABILITY = YES_AGGRESSIVE;
				CLANG_WARN_UNREACHABLE_CODE = YES;
				CLANG_WARN__DUPLICATE_METHOD_MATCH = YES;
				COPY_PHASE_STRIP = NO;
				DEBUG_INFORMATION_FORMAT = "dwarf-with-dsym";
				ENABLE_NS_ASSERTIONS = NO;
				ENABLE_STRICT_OBJC_MSGSEND = YES;
				GCC_C_LANGUAGE_STANDARD = gnu11;
				GCC_NO_COMMON_BLOCKS = YES;
				GCC_WARN_64_TO_32_BIT_CONVERSION = YES;
				GCC_WARN_ABOUT_RETURN_TYPE = YES_ERROR;
				GCC_WARN_UNDECLARED_SELECTOR = YES;
				GCC_WARN_UNINITIALIZED_AUTOS = YES_AGGRESSIVE;
				GCC_WARN_UNUSED_FUNCTION = YES;
				GCC_WARN_UNUSED_VARIABLE = YES;
				IPHONEOS_DEPLOYMENT_TARGET = 15.0;
				MTL_ENABLE_DEBUG_INFO = NO;
				MTL_FAST_MATH = YES;
				SDKROOT = iphoneos;
				SWIFT_COMPILATION_MODE = wholemodule;
				SWIFT_OPTIMIZATION_LEVEL = "-O";
				VALIDATE_PRODUCT = YES;
			};
			name = Release;
		};
		B610E71E270A0B020067E1C4 /* Debug */ = {
			isa = XCBuildConfiguration;
			buildSettings = {
				ASSETCATALOG_COMPILER_APPICON_NAME = AppIcon;
				ASSETCATALOG_COMPILER_GLOBAL_ACCENT_COLOR_NAME = AccentColor;
				CODE_SIGN_STYLE = Automatic;
				CURRENT_PROJECT_VERSION = 1;
				DEVELOPMENT_ASSET_PATHS = "\"Moonshot Updated/Preview Content\"";
				DEVELOPMENT_TEAM = 2FRR58PFB2;
				ENABLE_PREVIEWS = YES;
				GENERATE_INFOPLIST_FILE = YES;
				INFOPLIST_KEY_UIApplicationSceneManifest_Generation = YES;
				INFOPLIST_KEY_UIApplicationSupportsIndirectInputEvents = YES;
				INFOPLIST_KEY_UILaunchScreen_Generation = YES;
				INFOPLIST_KEY_UISupportedInterfaceOrientations_iPad = "UIInterfaceOrientationPortrait UIInterfaceOrientationPortraitUpsideDown UIInterfaceOrientationLandscapeLeft UIInterfaceOrientationLandscapeRight";
				INFOPLIST_KEY_UISupportedInterfaceOrientations_iPhone = "UIInterfaceOrientationPortrait UIInterfaceOrientationLandscapeLeft UIInterfaceOrientationLandscapeRight";
				IPHONEOS_DEPLOYMENT_TARGET = 14.0;
				LD_RUNPATH_SEARCH_PATHS = (
					"$(inherited)",
					"@executable_path/Frameworks",
				);
				MARKETING_VERSION = 1.0;
				PRODUCT_BUNDLE_IDENTIFIER = "com.yashpoojary.Moonshot-Updated";
				PRODUCT_NAME = "$(TARGET_NAME)";
				SWIFT_EMIT_LOC_STRINGS = YES;
				SWIFT_VERSION = 5.0;
				TARGETED_DEVICE_FAMILY = "1,2";
			};
			name = Debug;
		};
		B610E71F270A0B020067E1C4 /* Release */ = {
			isa = XCBuildConfiguration;
			buildSettings = {
				ASSETCATALOG_COMPILER_APPICON_NAME = AppIcon;
				ASSETCATALOG_COMPILER_GLOBAL_ACCENT_COLOR_NAME = AccentColor;
				CODE_SIGN_STYLE = Automatic;
				CURRENT_PROJECT_VERSION = 1;
				DEVELOPMENT_ASSET_PATHS = "\"Moonshot Updated/Preview Content\"";
				DEVELOPMENT_TEAM = 2FRR58PFB2;
				ENABLE_PREVIEWS = YES;
				GENERATE_INFOPLIST_FILE = YES;
				INFOPLIST_KEY_UIApplicationSceneManifest_Generation = YES;
				INFOPLIST_KEY_UIApplicationSupportsIndirectInputEvents = YES;
				INFOPLIST_KEY_UILaunchScreen_Generation = YES;
				INFOPLIST_KEY_UISupportedInterfaceOrientations_iPad = "UIInterfaceOrientationPortrait UIInterfaceOrientationPortraitUpsideDown UIInterfaceOrientationLandscapeLeft UIInterfaceOrientationLandscapeRight";
				INFOPLIST_KEY_UISupportedInterfaceOrientations_iPhone = "UIInterfaceOrientationPortrait UIInterfaceOrientationLandscapeLeft UIInterfaceOrientationLandscapeRight";
				IPHONEOS_DEPLOYMENT_TARGET = 14.0;
				LD_RUNPATH_SEARCH_PATHS = (
					"$(inherited)",
					"@executable_path/Frameworks",
				);
				MARKETING_VERSION = 1.0;
				PRODUCT_BUNDLE_IDENTIFIER = "com.yashpoojary.Moonshot-Updated";
				PRODUCT_NAME = "$(TARGET_NAME)";
				SWIFT_EMIT_LOC_STRINGS = YES;
				SWIFT_VERSION = 5.0;
				TARGETED_DEVICE_FAMILY = "1,2";
			};
			name = Release;
		};
		B610E721270A0B020067E1C4 /* Debug */ = {
			isa = XCBuildConfiguration;
			buildSettings = {
				ALWAYS_EMBED_SWIFT_STANDARD_LIBRARIES = YES;
				BUNDLE_LOADER = "$(TEST_HOST)";
				CODE_SIGN_STYLE = Automatic;
				CURRENT_PROJECT_VERSION = 1;
				DEVELOPMENT_TEAM = 2FRR58PFB2;
				GENERATE_INFOPLIST_FILE = YES;
				IPHONEOS_DEPLOYMENT_TARGET = 14.0;
				LD_RUNPATH_SEARCH_PATHS = (
					"$(inherited)",
					"@executable_path/Frameworks",
					"@loader_path/Frameworks",
				);
				MARKETING_VERSION = 1.0;
				PRODUCT_BUNDLE_IDENTIFIER = "com.yashpoojary.Moonshot-UpdatedTests";
				PRODUCT_NAME = "$(TARGET_NAME)";
				SWIFT_EMIT_LOC_STRINGS = NO;
				SWIFT_VERSION = 5.0;
				TARGETED_DEVICE_FAMILY = "1,2";
				TEST_HOST = "$(BUILT_PRODUCTS_DIR)/Moonshot Updated.app/Moonshot Updated";
			};
			name = Debug;
		};
		B610E722270A0B020067E1C4 /* Release */ = {
			isa = XCBuildConfiguration;
			buildSettings = {
				ALWAYS_EMBED_SWIFT_STANDARD_LIBRARIES = YES;
				BUNDLE_LOADER = "$(TEST_HOST)";
				CODE_SIGN_STYLE = Automatic;
				CURRENT_PROJECT_VERSION = 1;
				DEVELOPMENT_TEAM = 2FRR58PFB2;
				GENERATE_INFOPLIST_FILE = YES;
				IPHONEOS_DEPLOYMENT_TARGET = 14.0;
				LD_RUNPATH_SEARCH_PATHS = (
					"$(inherited)",
					"@executable_path/Frameworks",
					"@loader_path/Frameworks",
				);
				MARKETING_VERSION = 1.0;
				PRODUCT_BUNDLE_IDENTIFIER = "com.yashpoojary.Moonshot-UpdatedTests";
				PRODUCT_NAME = "$(TARGET_NAME)";
				SWIFT_EMIT_LOC_STRINGS = NO;
				SWIFT_VERSION = 5.0;
				TARGETED_DEVICE_FAMILY = "1,2";
				TEST_HOST = "$(BUILT_PRODUCTS_DIR)/Moonshot Updated.app/Moonshot Updated";
			};
			name = Release;
		};
		B610E724270A0B020067E1C4 /* Debug */ = {
			isa = XCBuildConfiguration;
			buildSettings = {
				ALWAYS_EMBED_SWIFT_STANDARD_LIBRARIES = YES;
				CODE_SIGN_STYLE = Automatic;
				CURRENT_PROJECT_VERSION = 1;
				DEVELOPMENT_TEAM = 2FRR58PFB2;
				GENERATE_INFOPLIST_FILE = YES;
				LD_RUNPATH_SEARCH_PATHS = (
					"$(inherited)",
					"@executable_path/Frameworks",
					"@loader_path/Frameworks",
				);
				MARKETING_VERSION = 1.0;
				PRODUCT_BUNDLE_IDENTIFIER = "com.yashpoojary.Moonshot-UpdatedUITests";
				PRODUCT_NAME = "$(TARGET_NAME)";
				SWIFT_EMIT_LOC_STRINGS = NO;
				SWIFT_VERSION = 5.0;
				TARGETED_DEVICE_FAMILY = "1,2";
				TEST_TARGET_NAME = "Moonshot Updated";
			};
			name = Debug;
		};
		B610E725270A0B020067E1C4 /* Release */ = {
			isa = XCBuildConfiguration;
			buildSettings = {
				ALWAYS_EMBED_SWIFT_STANDARD_LIBRARIES = YES;
				CODE_SIGN_STYLE = Automatic;
				CURRENT_PROJECT_VERSION = 1;
				DEVELOPMENT_TEAM = 2FRR58PFB2;
				GENERATE_INFOPLIST_FILE = YES;
				LD_RUNPATH_SEARCH_PATHS = (
					"$(inherited)",
					"@executable_path/Frameworks",
					"@loader_path/Frameworks",
				);
				MARKETING_VERSION = 1.0;
				PRODUCT_BUNDLE_IDENTIFIER = "com.yashpoojary.Moonshot-UpdatedUITests";
				PRODUCT_NAME = "$(TARGET_NAME)";
				SWIFT_EMIT_LOC_STRINGS = NO;
				SWIFT_VERSION = 5.0;
				TARGETED_DEVICE_FAMILY = "1,2";
				TEST_TARGET_NAME = "Moonshot Updated";
			};
			name = Release;
		};
/* End XCBuildConfiguration section */

/* Begin XCConfigurationList section */
		B610E6F4270A0AFB0067E1C4 /* Build configuration list for PBXProject "Moonshot Updated" */ = {
			isa = XCConfigurationList;
			buildConfigurations = (
				B610E71B270A0B020067E1C4 /* Debug */,
				B610E71C270A0B020067E1C4 /* Release */,
			);
			defaultConfigurationIsVisible = 0;
			defaultConfigurationName = Release;
		};
		B610E71D270A0B020067E1C4 /* Build configuration list for PBXNativeTarget "Moonshot Updated" */ = {
			isa = XCConfigurationList;
			buildConfigurations = (
				B610E71E270A0B020067E1C4 /* Debug */,
				B610E71F270A0B020067E1C4 /* Release */,
			);
			defaultConfigurationIsVisible = 0;
			defaultConfigurationName = Release;
		};
		B610E720270A0B020067E1C4 /* Build configuration list for PBXNativeTarget "Moonshot UpdatedTests" */ = {
			isa = XCConfigurationList;
			buildConfigurations = (
				B610E721270A0B020067E1C4 /* Debug */,
				B610E722270A0B020067E1C4 /* Release */,
			);
			defaultConfigurationIsVisible = 0;
			defaultConfigurationName = Release;
		};
		B610E723270A0B020067E1C4 /* Build configuration list for PBXNativeTarget "Moonshot UpdatedUITests" */ = {
			isa = XCConfigurationList;
			buildConfigurations = (
				B610E724270A0B020067E1C4 /* Debug */,
				B610E725270A0B020067E1C4 /* Release */,
			);
			defaultConfigurationIsVisible = 0;
			defaultConfigurationName = Release;
		};
/* End XCConfigurationList section */
	};
	rootObject = B610E6F1270A0AFB0067E1C4 /* Project object */;
}
